
Microsoft Visual Studio Solution File, Format Version 12.00
# Visual Studio Version 16
VisualStudioVersion = 16.0.29306.81
MinimumVisualStudioVersion = 10.0.40219.1
Project("{9A19103F-16F7-4668-BE54-9A1E7A4F7556}") = "GameStudio.Games", "GameStudio.Games\GameStudio.Games.csproj", "{82ED4EBF-72C4-4A1B-A9DD-BCCCAFEED446}"
EndProject
Project("{9A19103F-16F7-4668-BE54-9A1E7A4F7556}") = "GameStudio.Games.Tests", "..\tests\GameStudio.Games.Tests\GameStudio.Games.Tests.csproj", "{40D615A0-6BC3-4AF1-81AF-66B593C6D3C0}"
EndProject
Project("{2150E333-8FDC-42A3-9474-1A3956D46DE8}") = "Solution Items", "Solution Items", "{D88DC4F3-0731-4758-B80C-BC7361F3422C}"
	ProjectSection(SolutionItems) = preProject
		..\.dockerignore = ..\.dockerignore
		..\.gitignore = ..\.gitignore
		..\docker-compose.yml = ..\docker-compose.yml
		..\Dockerfile = ..\Dockerfile
		..\infra-compose.yml = ..\infra-compose.yml
		..\infra-other-compose.yml = ..\infra-other-compose.yml
		Local.testsettings = Local.testsettings
		..\makefile = ..\makefile
		..\README.md = ..\README.md
	EndProjectSection
EndProject
Project("{FAE04EC0-301F-11D3-BF4B-00C04F79EFBC}") = "GameStudio.Games.LoadTest", "..\loadtests\GameStudio.Games.LoadTest\GameStudio.Games.LoadTest.csproj", "{C4C29E60-88A6-4B9B-951F-15A78334A4C4}"
EndProject
Project("{9A19103F-16F7-4668-BE54-9A1E7A4F7556}") = "GameStudio.Games.Repository.Mongo", "GameStudio.Games.Repository.Mongo\GameStudio.Games.Repository.Mongo.csproj", "{DF005FBB-D15D-43C8-8539-5B0408D5B545}"
EndProject
Project("{2150E333-8FDC-42A3-9474-1A3956D46DE8}") = "Prometheus", "Prometheus", "{38B6A165-7427-4268-96B5-EAD530173ECB}"
	ProjectSection(SolutionItems) = preProject
		..\monitoring\prometheus\prometheus.yml = ..\monitoring\prometheus\prometheus.yml
	EndProjectSection
EndProject
Project("{2150E333-8FDC-42A3-9474-1A3956D46DE8}") = "Grafana", "Grafana", "{19DB9A78-DE01-4D59-9233-D22BFE6D7DDA}"
	ProjectSection(SolutionItems) = preProject
		..\monitoring\grafana\dashboards\dashboard.yaml = ..\monitoring\grafana\dashboards\dashboard.yaml
		..\monitoring\grafana\datasources\prometheus.yaml = ..\monitoring\grafana\datasources\prometheus.yaml
	EndProjectSection
EndProject
Project("{2150E333-8FDC-42A3-9474-1A3956D46DE8}") = "dashboards", "dashboards", "{8B08DE6A-D112-48C6-8DEB-565549B64335}"
	ProjectSection(SolutionItems) = preProject
		..\monitoring\grafana\dashboards\controllers.json = ..\monitoring\grafana\dashboards\controllers.json
	EndProjectSection
EndProject
Project("{2150E333-8FDC-42A3-9474-1A3956D46DE8}") = "tests", "tests", "{3E4886D9-5BE3-4C4C-93FC-B520AD56A201}"
	ProjectSection(SolutionItems) = preProject
		..\tests\Dockerfile = ..\tests\Dockerfile
	EndProjectSection
EndProject
Project("{9A19103F-16F7-4668-BE54-9A1E7A4F7556}") = "GameStudio.Games.WebApi", "GameStudio.Games.WebApi\GameStudio.Games.WebApi.csproj", "{D1D90F8E-FB5C-4640-AD22-0031AA36F869}"
EndProject
Project("{2150E333-8FDC-42A3-9474-1A3956D46DE8}") = ".circleci", ".circleci", "{D507CD4E-C4E1-45B1-8C73-5C75CF6DF965}"
	ProjectSection(SolutionItems) = preProject
		..\.circleci\config.yml = ..\.circleci\config.yml
	EndProjectSection
EndProject
Project("{2150E333-8FDC-42A3-9474-1A3956D46DE8}") = "Dependencies", "Dependencies", "{9E2688E4-66D3-4C6D-BAFA-0D32F72F57BC}"
EndProject
Project("{9A19103F-16F7-4668-BE54-9A1E7A4F7556}") = "GameStudio.Cloud.Aws", "..\..\GameStudio-Net\Cloud\GameStudio.Cloud.Aws\GameStudio.Cloud.Aws.csproj", "{89BA6F40-DDD0-4F74-BE33-35FD970E9CAD}"
EndProject
Project("{9A19103F-16F7-4668-BE54-9A1E7A4F7556}") = "GameStudio.ConfigurationConventions.Abstractions", "..\..\GameStudio-Net\ConfigurationConventions\GameStudio.ConfigurationConventions.Abstractions\GameStudio.ConfigurationConventions.Abstractions.csproj", "{A0D3734E-E23E-4F15-844A-43B5F245ABA6}"
EndProject
Project("{9A19103F-16F7-4668-BE54-9A1E7A4F7556}") = "GameStudio.ConfigurationConventions", "..\..\GameStudio-Net\ConfigurationConventions\GameStudio.ConfigurationConventions\GameStudio.ConfigurationConventions.csproj", "{EE055E1F-1481-4E70-8187-BBCE53E95981}"
EndProject
Project("{9A19103F-16F7-4668-BE54-9A1E7A4F7556}") = "GameStudio.HealthChecks.Dns", "..\..\GameStudio-Net\HealthChecks\GameStudio.HealthChecks.Dns\GameStudio.HealthChecks.Dns.csproj", "{710356B2-BE8C-42CE-BC90-C6F19780BDD8}"
EndProject
Project("{9A19103F-16F7-4668-BE54-9A1E7A4F7556}") = "GameStudio.HealthChecks.Http", "..\..\GameStudio-Net\HealthChecks\GameStudio.HealthChecks.Http\GameStudio.HealthChecks.Http.csproj", "{A8F634A6-F31C-450D-8578-DA7081E1E9B8}"
EndProject
Project("{9A19103F-16F7-4668-BE54-9A1E7A4F7556}") = "GameStudio.HealthChecks.Mongo", "..\..\GameStudio-Net\HealthChecks\GameStudio.HealthChecks.Mongo\GameStudio.HealthChecks.Mongo.csproj", "{B6A4A090-EE8A-44D4-A1DD-116753C6588D}"
EndProject
Project("{9A19103F-16F7-4668-BE54-9A1E7A4F7556}") = "GameStudio.Metrics.Abstractions", "..\..\GameStudio-Net\Metrics\GameStudio.Metrics.Abstractions\GameStudio.Metrics.Abstractions.csproj", "{3FB5676C-DF76-4698-BAFD-91673B2E7EAD}"
EndProject
Project("{9A19103F-16F7-4668-BE54-9A1E7A4F7556}") = "GameStudio.Metrics.Null", "..\..\GameStudio-Net\Metrics\GameStudio.Metrics.Null\GameStudio.Metrics.Null.csproj", "{BE152B03-B8AC-4738-840C-25EDD60B23A3}"
EndProject
Project("{9A19103F-16F7-4668-BE54-9A1E7A4F7556}") = "GameStudio.Metrics.Prometheus", "..\..\GameStudio-Net\Metrics\GameStudio.Metrics.Prometheus\GameStudio.Metrics.Prometheus.csproj", "{29CEA6C5-8490-4CA4-B181-72D286DEA98F}"
EndProject
Project("{9A19103F-16F7-4668-BE54-9A1E7A4F7556}") = "GameStudio", "..\..\GameStudio-Net\GameStudio\GameStudio\GameStudio.csproj", "{17E54180-870D-439C-9C52-86E85E5DE67A}"
EndProject
Project("{9A19103F-16F7-4668-BE54-9A1E7A4F7556}") = "GameStudio.Extensions", "..\..\GameStudio-Net\GameStudio\GameStudio.Extensions\GameStudio.Extensions.csproj", "{870B12C4-ED10-447F-89E3-822E5EE9CFE8}"
EndProject
Project("{9A19103F-16F7-4668-BE54-9A1E7A4F7556}") = "GameStudio.Repository", "..\..\GameStudio-Net\Repositories\GameStudio.Repository\GameStudio.Repository.csproj", "{DC4EB554-B0CB-4EAA-979B-2E65C8F60201}"
EndProject
Project("{9A19103F-16F7-4668-BE54-9A1E7A4F7556}") = "GameStudio.Repository.Document.Abstractions", "..\..\GameStudio-Net\Repositories\GameStudio.Repository.Document.Abstractions\GameStudio.Repository.Document.Abstractions.csproj", "{2D00E32C-52CA-4523-88EB-7C695C1E21DC}"
EndProject
Project("{9A19103F-16F7-4668-BE54-9A1E7A4F7556}") = "GameStudio.Repository.Document.Mongo", "..\..\GameStudio-Net\Repositories\GameStudio.Repository.Document.Mongo\GameStudio.Repository.Document.Mongo.csproj", "{70437E3C-ADA6-4F07-A702-8FBCE7C3AD09}"
EndProject
Project("{9A19103F-16F7-4668-BE54-9A1E7A4F7556}") = "GameStudio.Secrets.Abstractions", "..\..\GameStudio-Net\Secrets\GameStudio.Secrets.Abstractions\GameStudio.Secrets.Abstractions.csproj", "{9FECE9BE-1022-443D-92CC-B25DA5D34123}"
EndProject
Project("{9A19103F-16F7-4668-BE54-9A1E7A4F7556}") = "GameStudio.Secrets.Aws", "..\..\GameStudio-Net\Secrets\GameStudio.Secrets.Aws\GameStudio.Secrets.Aws.csproj", "{289D8EE8-689E-4E40-A416-B0012B59F209}"
EndProject
Project("{9A19103F-16F7-4668-BE54-9A1E7A4F7556}") = "GameStudio.Secrets.Azure", "..\..\GameStudio-Net\Secrets\GameStudio.Secrets.Azure\GameStudio.Secrets.Azure.csproj", "{821ED6BF-D1E3-46E3-827C-81C4F9971932}"
EndProject
Project("{9A19103F-16F7-4668-BE54-9A1E7A4F7556}") = "GameStudio.Serializers.Abstractions", "..\..\GameStudio-Net\Serializers\GameStudio.Serializers.Abstractions\GameStudio.Serializers.Abstractions.csproj", "{D1B0A2EF-41AF-4677-B376-C3FCB9AEDB53}"
EndProject
Project("{9A19103F-16F7-4668-BE54-9A1E7A4F7556}") = "GameStudio.Serializers.Jil", "..\..\GameStudio-Net\Serializers\GameStudio.Serializers.Jil\GameStudio.Serializers.Jil.csproj", "{24BB78E2-04DD-42EB-B0E9-BFDDA83B2EBF}"
EndProject
Project("{9A19103F-16F7-4668-BE54-9A1E7A4F7556}") = "GameStudio.Serializers.NewtonSoft", "..\..\GameStudio-Net\Serializers\GameStudio.Serializers.Newtonsoft\GameStudio.Serializers.NewtonSoft.csproj", "{7F1D0FEC-FA8A-40FB-A69F-7E051E3DEBAE}"
EndProject
Project("{9A19103F-16F7-4668-BE54-9A1E7A4F7556}") = "GameStudio.WebApi", "..\..\GameStudio-Net\WebApi\GameStudio.WebApi\GameStudio.WebApi.csproj", "{4498B848-ECF4-48B7-8EF3-1F777885A086}"
EndProject
Project("{9A19103F-16F7-4668-BE54-9A1E7A4F7556}") = "GameStudio.WebApi.Convention", "..\..\GameStudio-Net\WebApi\GameStudio.WebApi.Convention\GameStudio.WebApi.Convention.csproj", "{747D51E2-0661-4FEF-A0C5-55E8606A1851}"
EndProject
Global
	GlobalSection(SolutionConfigurationPlatforms) = preSolution
		Debug|Any CPU = Debug|Any CPU
		MVM-Debug|Any CPU = MVM-Debug|Any CPU
		MVM-Release|Any CPU = MVM-Release|Any CPU
		PSA-Debug|Any CPU = PSA-Debug|Any CPU
		PSA-Release|Any CPU = PSA-Release|Any CPU
		Release|Any CPU = Release|Any CPU
	EndGlobalSection
	GlobalSection(ProjectConfigurationPlatforms) = postSolution
		{82ED4EBF-72C4-4A1B-A9DD-BCCCAFEED446}.Debug|Any CPU.ActiveCfg = PSA-Debug|Any CPU
		{82ED4EBF-72C4-4A1B-A9DD-BCCCAFEED446}.Debug|Any CPU.Build.0 = PSA-Debug|Any CPU
		{82ED4EBF-72C4-4A1B-A9DD-BCCCAFEED446}.MVM-Debug|Any CPU.ActiveCfg = MVM-Debug|Any CPU
		{82ED4EBF-72C4-4A1B-A9DD-BCCCAFEED446}.MVM-Debug|Any CPU.Build.0 = MVM-Debug|Any CPU
		{82ED4EBF-72C4-4A1B-A9DD-BCCCAFEED446}.MVM-Release|Any CPU.ActiveCfg = MVM-Release|Any CPU
		{82ED4EBF-72C4-4A1B-A9DD-BCCCAFEED446}.MVM-Release|Any CPU.Build.0 = MVM-Release|Any CPU
		{82ED4EBF-72C4-4A1B-A9DD-BCCCAFEED446}.PSA-Debug|Any CPU.ActiveCfg = PSA-Debug|Any CPU
		{82ED4EBF-72C4-4A1B-A9DD-BCCCAFEED446}.PSA-Debug|Any CPU.Build.0 = PSA-Debug|Any CPU
		{82ED4EBF-72C4-4A1B-A9DD-BCCCAFEED446}.PSA-Release|Any CPU.ActiveCfg = PSA-Release|Any CPU
		{82ED4EBF-72C4-4A1B-A9DD-BCCCAFEED446}.PSA-Release|Any CPU.Build.0 = PSA-Release|Any CPU
		{82ED4EBF-72C4-4A1B-A9DD-BCCCAFEED446}.Release|Any CPU.ActiveCfg = PSA-Release|Any CPU
		{82ED4EBF-72C4-4A1B-A9DD-BCCCAFEED446}.Release|Any CPU.Build.0 = PSA-Release|Any CPU
		{40D615A0-6BC3-4AF1-81AF-66B593C6D3C0}.Debug|Any CPU.ActiveCfg = PSA-Debug|Any CPU
		{40D615A0-6BC3-4AF1-81AF-66B593C6D3C0}.Debug|Any CPU.Build.0 = PSA-Debug|Any CPU
		{40D615A0-6BC3-4AF1-81AF-66B593C6D3C0}.MVM-Debug|Any CPU.ActiveCfg = MVM-Debug|Any CPU
		{40D615A0-6BC3-4AF1-81AF-66B593C6D3C0}.MVM-Debug|Any CPU.Build.0 = MVM-Debug|Any CPU
		{40D615A0-6BC3-4AF1-81AF-66B593C6D3C0}.MVM-Release|Any CPU.ActiveCfg = MVM-Release|Any CPU
		{40D615A0-6BC3-4AF1-81AF-66B593C6D3C0}.MVM-Release|Any CPU.Build.0 = MVM-Release|Any CPU
		{40D615A0-6BC3-4AF1-81AF-66B593C6D3C0}.PSA-Debug|Any CPU.ActiveCfg = PSA-Debug|Any CPU
		{40D615A0-6BC3-4AF1-81AF-66B593C6D3C0}.PSA-Debug|Any CPU.Build.0 = PSA-Debug|Any CPU
		{40D615A0-6BC3-4AF1-81AF-66B593C6D3C0}.PSA-Release|Any CPU.ActiveCfg = PSA-Release|Any CPU
		{40D615A0-6BC3-4AF1-81AF-66B593C6D3C0}.PSA-Release|Any CPU.Build.0 = PSA-Release|Any CPU
		{40D615A0-6BC3-4AF1-81AF-66B593C6D3C0}.Release|Any CPU.ActiveCfg = PSA-Release|Any CPU
		{40D615A0-6BC3-4AF1-81AF-66B593C6D3C0}.Release|Any CPU.Build.0 = PSA-Release|Any CPU
		{C4C29E60-88A6-4B9B-951F-15A78334A4C4}.Debug|Any CPU.ActiveCfg = PSA-Debug|Any CPU
		{C4C29E60-88A6-4B9B-951F-15A78334A4C4}.MVM-Debug|Any CPU.ActiveCfg = MVM-Debug|Any CPU
		{C4C29E60-88A6-4B9B-951F-15A78334A4C4}.MVM-Debug|Any CPU.Build.0 = MVM-Debug|Any CPU
		{C4C29E60-88A6-4B9B-951F-15A78334A4C4}.MVM-Release|Any CPU.ActiveCfg = MVM-Release|Any CPU
		{C4C29E60-88A6-4B9B-951F-15A78334A4C4}.MVM-Release|Any CPU.Build.0 = MVM-Release|Any CPU
		{C4C29E60-88A6-4B9B-951F-15A78334A4C4}.PSA-Debug|Any CPU.ActiveCfg = PSA-Debug|Any CPU
		{C4C29E60-88A6-4B9B-951F-15A78334A4C4}.PSA-Debug|Any CPU.Build.0 = PSA-Debug|Any CPU
		{C4C29E60-88A6-4B9B-951F-15A78334A4C4}.PSA-Release|Any CPU.ActiveCfg = PSA-Release|Any CPU
		{C4C29E60-88A6-4B9B-951F-15A78334A4C4}.PSA-Release|Any CPU.Build.0 = PSA-Release|Any CPU
		{C4C29E60-88A6-4B9B-951F-15A78334A4C4}.Release|Any CPU.ActiveCfg = PSA-Release|Any CPU
		{DF005FBB-D15D-43C8-8539-5B0408D5B545}.Debug|Any CPU.ActiveCfg = PSA-Debug|Any CPU
		{DF005FBB-D15D-43C8-8539-5B0408D5B545}.Debug|Any CPU.Build.0 = PSA-Debug|Any CPU
		{DF005FBB-D15D-43C8-8539-5B0408D5B545}.MVM-Debug|Any CPU.ActiveCfg = MVM-Debug|Any CPU
		{DF005FBB-D15D-43C8-8539-5B0408D5B545}.MVM-Debug|Any CPU.Build.0 = MVM-Debug|Any CPU
		{DF005FBB-D15D-43C8-8539-5B0408D5B545}.MVM-Release|Any CPU.ActiveCfg = MVM-Release|Any CPU
		{DF005FBB-D15D-43C8-8539-5B0408D5B545}.MVM-Release|Any CPU.Build.0 = MVM-Release|Any CPU
		{DF005FBB-D15D-43C8-8539-5B0408D5B545}.PSA-Debug|Any CPU.ActiveCfg = PSA-Debug|Any CPU
		{DF005FBB-D15D-43C8-8539-5B0408D5B545}.PSA-Debug|Any CPU.Build.0 = PSA-Debug|Any CPU
		{DF005FBB-D15D-43C8-8539-5B0408D5B545}.PSA-Release|Any CPU.ActiveCfg = PSA-Release|Any CPU
		{DF005FBB-D15D-43C8-8539-5B0408D5B545}.PSA-Release|Any CPU.Build.0 = PSA-Release|Any CPU
		{DF005FBB-D15D-43C8-8539-5B0408D5B545}.Release|Any CPU.ActiveCfg = PSA-Release|Any CPU
		{DF005FBB-D15D-43C8-8539-5B0408D5B545}.Release|Any CPU.Build.0 = PSA-Release|Any CPU
		{D1D90F8E-FB5C-4640-AD22-0031AA36F869}.Debug|Any CPU.ActiveCfg = PSA-Debug|Any CPU
		{D1D90F8E-FB5C-4640-AD22-0031AA36F869}.Debug|Any CPU.Build.0 = PSA-Debug|Any CPU
		{D1D90F8E-FB5C-4640-AD22-0031AA36F869}.MVM-Debug|Any CPU.ActiveCfg = MVM-Debug|Any CPU
		{D1D90F8E-FB5C-4640-AD22-0031AA36F869}.MVM-Debug|Any CPU.Build.0 = MVM-Debug|Any CPU
		{D1D90F8E-FB5C-4640-AD22-0031AA36F869}.MVM-Release|Any CPU.ActiveCfg = MVM-Release|Any CPU
		{D1D90F8E-FB5C-4640-AD22-0031AA36F869}.MVM-Release|Any CPU.Build.0 = MVM-Release|Any CPU
		{D1D90F8E-FB5C-4640-AD22-0031AA36F869}.PSA-Debug|Any CPU.ActiveCfg = PSA-Debug|Any CPU
		{D1D90F8E-FB5C-4640-AD22-0031AA36F869}.PSA-Debug|Any CPU.Build.0 = PSA-Debug|Any CPU
		{D1D90F8E-FB5C-4640-AD22-0031AA36F869}.PSA-Release|Any CPU.ActiveCfg = PSA-Release|Any CPU
		{D1D90F8E-FB5C-4640-AD22-0031AA36F869}.PSA-Release|Any CPU.Build.0 = PSA-Release|Any CPU
		{D1D90F8E-FB5C-4640-AD22-0031AA36F869}.Release|Any CPU.ActiveCfg = PSA-Release|Any CPU
		{D1D90F8E-FB5C-4640-AD22-0031AA36F869}.Release|Any CPU.Build.0 = PSA-Release|Any CPU
		{89BA6F40-DDD0-4F74-BE33-35FD970E9CAD}.Debug|Any CPU.ActiveCfg = Debug|Any CPU
		{89BA6F40-DDD0-4F74-BE33-35FD970E9CAD}.Debug|Any CPU.Build.0 = Debug|Any CPU
		{89BA6F40-DDD0-4F74-BE33-35FD970E9CAD}.MVM-Debug|Any CPU.ActiveCfg = Debug|Any CPU
		{89BA6F40-DDD0-4F74-BE33-35FD970E9CAD}.MVM-Debug|Any CPU.Build.0 = Debug|Any CPU
		{89BA6F40-DDD0-4F74-BE33-35FD970E9CAD}.MVM-Release|Any CPU.ActiveCfg = Release|Any CPU
		{89BA6F40-DDD0-4F74-BE33-35FD970E9CAD}.MVM-Release|Any CPU.Build.0 = Release|Any CPU
		{89BA6F40-DDD0-4F74-BE33-35FD970E9CAD}.PSA-Debug|Any CPU.ActiveCfg = Debug|Any CPU
		{89BA6F40-DDD0-4F74-BE33-35FD970E9CAD}.PSA-Debug|Any CPU.Build.0 = Debug|Any CPU
		{89BA6F40-DDD0-4F74-BE33-35FD970E9CAD}.PSA-Release|Any CPU.ActiveCfg = Release|Any CPU
		{89BA6F40-DDD0-4F74-BE33-35FD970E9CAD}.PSA-Release|Any CPU.Build.0 = Release|Any CPU
		{89BA6F40-DDD0-4F74-BE33-35FD970E9CAD}.Release|Any CPU.ActiveCfg = Release|Any CPU
		{89BA6F40-DDD0-4F74-BE33-35FD970E9CAD}.Release|Any CPU.Build.0 = Release|Any CPU
		{A0D3734E-E23E-4F15-844A-43B5F245ABA6}.Debug|Any CPU.ActiveCfg = Debug|Any CPU
		{A0D3734E-E23E-4F15-844A-43B5F245ABA6}.Debug|Any CPU.Build.0 = Debug|Any CPU
		{A0D3734E-E23E-4F15-844A-43B5F245ABA6}.MVM-Debug|Any CPU.ActiveCfg = Debug|Any CPU
		{A0D3734E-E23E-4F15-844A-43B5F245ABA6}.MVM-Debug|Any CPU.Build.0 = Debug|Any CPU
		{A0D3734E-E23E-4F15-844A-43B5F245ABA6}.MVM-Release|Any CPU.ActiveCfg = Release|Any CPU
		{A0D3734E-E23E-4F15-844A-43B5F245ABA6}.MVM-Release|Any CPU.Build.0 = Release|Any CPU
		{A0D3734E-E23E-4F15-844A-43B5F245ABA6}.PSA-Debug|Any CPU.ActiveCfg = Debug|Any CPU
		{A0D3734E-E23E-4F15-844A-43B5F245ABA6}.PSA-Debug|Any CPU.Build.0 = Debug|Any CPU
		{A0D3734E-E23E-4F15-844A-43B5F245ABA6}.PSA-Release|Any CPU.ActiveCfg = Release|Any CPU
		{A0D3734E-E23E-4F15-844A-43B5F245ABA6}.PSA-Release|Any CPU.Build.0 = Release|Any CPU
		{A0D3734E-E23E-4F15-844A-43B5F245ABA6}.Release|Any CPU.ActiveCfg = Release|Any CPU
		{A0D3734E-E23E-4F15-844A-43B5F245ABA6}.Release|Any CPU.Build.0 = Release|Any CPU
		{EE055E1F-1481-4E70-8187-BBCE53E95981}.Debug|Any CPU.ActiveCfg = Debug|Any CPU
		{EE055E1F-1481-4E70-8187-BBCE53E95981}.Debug|Any CPU.Build.0 = Debug|Any CPU
		{EE055E1F-1481-4E70-8187-BBCE53E95981}.MVM-Debug|Any CPU.ActiveCfg = Debug|Any CPU
		{EE055E1F-1481-4E70-8187-BBCE53E95981}.MVM-Debug|Any CPU.Build.0 = Debug|Any CPU
		{EE055E1F-1481-4E70-8187-BBCE53E95981}.MVM-Release|Any CPU.ActiveCfg = Release|Any CPU
		{EE055E1F-1481-4E70-8187-BBCE53E95981}.MVM-Release|Any CPU.Build.0 = Release|Any CPU
		{EE055E1F-1481-4E70-8187-BBCE53E95981}.PSA-Debug|Any CPU.ActiveCfg = Debug|Any CPU
		{EE055E1F-1481-4E70-8187-BBCE53E95981}.PSA-Debug|Any CPU.Build.0 = Debug|Any CPU
		{EE055E1F-1481-4E70-8187-BBCE53E95981}.PSA-Release|Any CPU.ActiveCfg = Release|Any CPU
		{EE055E1F-1481-4E70-8187-BBCE53E95981}.PSA-Release|Any CPU.Build.0 = Release|Any CPU
		{EE055E1F-1481-4E70-8187-BBCE53E95981}.Release|Any CPU.ActiveCfg = Release|Any CPU
		{EE055E1F-1481-4E70-8187-BBCE53E95981}.Release|Any CPU.Build.0 = Release|Any CPU
		{710356B2-BE8C-42CE-BC90-C6F19780BDD8}.Debug|Any CPU.ActiveCfg = Debug|Any CPU
		{710356B2-BE8C-42CE-BC90-C6F19780BDD8}.Debug|Any CPU.Build.0 = Debug|Any CPU
		{710356B2-BE8C-42CE-BC90-C6F19780BDD8}.MVM-Debug|Any CPU.ActiveCfg = Debug|Any CPU
		{710356B2-BE8C-42CE-BC90-C6F19780BDD8}.MVM-Debug|Any CPU.Build.0 = Debug|Any CPU
		{710356B2-BE8C-42CE-BC90-C6F19780BDD8}.MVM-Release|Any CPU.ActiveCfg = Release|Any CPU
		{710356B2-BE8C-42CE-BC90-C6F19780BDD8}.MVM-Release|Any CPU.Build.0 = Release|Any CPU
		{710356B2-BE8C-42CE-BC90-C6F19780BDD8}.PSA-Debug|Any CPU.ActiveCfg = Debug|Any CPU
		{710356B2-BE8C-42CE-BC90-C6F19780BDD8}.PSA-Debug|Any CPU.Build.0 = Debug|Any CPU
		{710356B2-BE8C-42CE-BC90-C6F19780BDD8}.PSA-Release|Any CPU.ActiveCfg = Release|Any CPU
		{710356B2-BE8C-42CE-BC90-C6F19780BDD8}.PSA-Release|Any CPU.Build.0 = Release|Any CPU
		{710356B2-BE8C-42CE-BC90-C6F19780BDD8}.Release|Any CPU.ActiveCfg = Release|Any CPU
		{710356B2-BE8C-42CE-BC90-C6F19780BDD8}.Release|Any CPU.Build.0 = Release|Any CPU
		{A8F634A6-F31C-450D-8578-DA7081E1E9B8}.Debug|Any CPU.ActiveCfg = Debug|Any CPU
		{A8F634A6-F31C-450D-8578-DA7081E1E9B8}.Debug|Any CPU.Build.0 = Debug|Any CPU
		{A8F634A6-F31C-450D-8578-DA7081E1E9B8}.MVM-Debug|Any CPU.ActiveCfg = Debug|Any CPU
		{A8F634A6-F31C-450D-8578-DA7081E1E9B8}.MVM-Debug|Any CPU.Build.0 = Debug|Any CPU
		{A8F634A6-F31C-450D-8578-DA7081E1E9B8}.MVM-Release|Any CPU.ActiveCfg = Release|Any CPU
		{A8F634A6-F31C-450D-8578-DA7081E1E9B8}.MVM-Release|Any CPU.Build.0 = Release|Any CPU
		{A8F634A6-F31C-450D-8578-DA7081E1E9B8}.PSA-Debug|Any CPU.ActiveCfg = Debug|Any CPU
		{A8F634A6-F31C-450D-8578-DA7081E1E9B8}.PSA-Debug|Any CPU.Build.0 = Debug|Any CPU
		{A8F634A6-F31C-450D-8578-DA7081E1E9B8}.PSA-Release|Any CPU.ActiveCfg = Release|Any CPU
		{A8F634A6-F31C-450D-8578-DA7081E1E9B8}.PSA-Release|Any CPU.Build.0 = Release|Any CPU
		{A8F634A6-F31C-450D-8578-DA7081E1E9B8}.Release|Any CPU.ActiveCfg = Release|Any CPU
		{A8F634A6-F31C-450D-8578-DA7081E1E9B8}.Release|Any CPU.Build.0 = Release|Any CPU
		{B6A4A090-EE8A-44D4-A1DD-116753C6588D}.Debug|Any CPU.ActiveCfg = Debug|Any CPU
		{B6A4A090-EE8A-44D4-A1DD-116753C6588D}.Debug|Any CPU.Build.0 = Debug|Any CPU
		{B6A4A090-EE8A-44D4-A1DD-116753C6588D}.MVM-Debug|Any CPU.ActiveCfg = Debug|Any CPU
		{B6A4A090-EE8A-44D4-A1DD-116753C6588D}.MVM-Debug|Any CPU.Build.0 = Debug|Any CPU
		{B6A4A090-EE8A-44D4-A1DD-116753C6588D}.MVM-Release|Any CPU.ActiveCfg = Release|Any CPU
		{B6A4A090-EE8A-44D4-A1DD-116753C6588D}.MVM-Release|Any CPU.Build.0 = Release|Any CPU
		{B6A4A090-EE8A-44D4-A1DD-116753C6588D}.PSA-Debug|Any CPU.ActiveCfg = Debug|Any CPU
		{B6A4A090-EE8A-44D4-A1DD-116753C6588D}.PSA-Debug|Any CPU.Build.0 = Debug|Any CPU
		{B6A4A090-EE8A-44D4-A1DD-116753C6588D}.PSA-Release|Any CPU.ActiveCfg = Release|Any CPU
		{B6A4A090-EE8A-44D4-A1DD-116753C6588D}.PSA-Release|Any CPU.Build.0 = Release|Any CPU
		{B6A4A090-EE8A-44D4-A1DD-116753C6588D}.Release|Any CPU.ActiveCfg = Release|Any CPU
		{B6A4A090-EE8A-44D4-A1DD-116753C6588D}.Release|Any CPU.Build.0 = Release|Any CPU
		{3FB5676C-DF76-4698-BAFD-91673B2E7EAD}.Debug|Any CPU.ActiveCfg = Debug|Any CPU
		{3FB5676C-DF76-4698-BAFD-91673B2E7EAD}.Debug|Any CPU.Build.0 = Debug|Any CPU
		{3FB5676C-DF76-4698-BAFD-91673B2E7EAD}.MVM-Debug|Any CPU.ActiveCfg = Debug|Any CPU
		{3FB5676C-DF76-4698-BAFD-91673B2E7EAD}.MVM-Debug|Any CPU.Build.0 = Debug|Any CPU
		{3FB5676C-DF76-4698-BAFD-91673B2E7EAD}.MVM-Release|Any CPU.ActiveCfg = Release|Any CPU
		{3FB5676C-DF76-4698-BAFD-91673B2E7EAD}.MVM-Release|Any CPU.Build.0 = Release|Any CPU
		{3FB5676C-DF76-4698-BAFD-91673B2E7EAD}.PSA-Debug|Any CPU.ActiveCfg = Debug|Any CPU
		{3FB5676C-DF76-4698-BAFD-91673B2E7EAD}.PSA-Debug|Any CPU.Build.0 = Debug|Any CPU
		{3FB5676C-DF76-4698-BAFD-91673B2E7EAD}.PSA-Release|Any CPU.ActiveCfg = Release|Any CPU
		{3FB5676C-DF76-4698-BAFD-91673B2E7EAD}.PSA-Release|Any CPU.Build.0 = Release|Any CPU
		{3FB5676C-DF76-4698-BAFD-91673B2E7EAD}.Release|Any CPU.ActiveCfg = Release|Any CPU
		{3FB5676C-DF76-4698-BAFD-91673B2E7EAD}.Release|Any CPU.Build.0 = Release|Any CPU
		{BE152B03-B8AC-4738-840C-25EDD60B23A3}.Debug|Any CPU.ActiveCfg = Debug|Any CPU
		{BE152B03-B8AC-4738-840C-25EDD60B23A3}.Debug|Any CPU.Build.0 = Debug|Any CPU
		{BE152B03-B8AC-4738-840C-25EDD60B23A3}.MVM-Debug|Any CPU.ActiveCfg = Debug|Any CPU
		{BE152B03-B8AC-4738-840C-25EDD60B23A3}.MVM-Debug|Any CPU.Build.0 = Debug|Any CPU
		{BE152B03-B8AC-4738-840C-25EDD60B23A3}.MVM-Release|Any CPU.ActiveCfg = Release|Any CPU
		{BE152B03-B8AC-4738-840C-25EDD60B23A3}.MVM-Release|Any CPU.Build.0 = Release|Any CPU
		{BE152B03-B8AC-4738-840C-25EDD60B23A3}.PSA-Debug|Any CPU.ActiveCfg = Debug|Any CPU
		{BE152B03-B8AC-4738-840C-25EDD60B23A3}.PSA-Debug|Any CPU.Build.0 = Debug|Any CPU
		{BE152B03-B8AC-4738-840C-25EDD60B23A3}.PSA-Release|Any CPU.ActiveCfg = Release|Any CPU
		{BE152B03-B8AC-4738-840C-25EDD60B23A3}.PSA-Release|Any CPU.Build.0 = Release|Any CPU
		{BE152B03-B8AC-4738-840C-25EDD60B23A3}.Release|Any CPU.ActiveCfg = Release|Any CPU
		{BE152B03-B8AC-4738-840C-25EDD60B23A3}.Release|Any CPU.Build.0 = Release|Any CPU
		{29CEA6C5-8490-4CA4-B181-72D286DEA98F}.Debug|Any CPU.ActiveCfg = Debug|Any CPU
		{29CEA6C5-8490-4CA4-B181-72D286DEA98F}.Debug|Any CPU.Build.0 = Debug|Any CPU
		{29CEA6C5-8490-4CA4-B181-72D286DEA98F}.MVM-Debug|Any CPU.ActiveCfg = Debug|Any CPU
		{29CEA6C5-8490-4CA4-B181-72D286DEA98F}.MVM-Debug|Any CPU.Build.0 = Debug|Any CPU
		{29CEA6C5-8490-4CA4-B181-72D286DEA98F}.MVM-Release|Any CPU.ActiveCfg = Release|Any CPU
		{29CEA6C5-8490-4CA4-B181-72D286DEA98F}.MVM-Release|Any CPU.Build.0 = Release|Any CPU
		{29CEA6C5-8490-4CA4-B181-72D286DEA98F}.PSA-Debug|Any CPU.ActiveCfg = Debug|Any CPU
		{29CEA6C5-8490-4CA4-B181-72D286DEA98F}.PSA-Debug|Any CPU.Build.0 = Debug|Any CPU
		{29CEA6C5-8490-4CA4-B181-72D286DEA98F}.PSA-Release|Any CPU.ActiveCfg = Release|Any CPU
		{29CEA6C5-8490-4CA4-B181-72D286DEA98F}.PSA-Release|Any CPU.Build.0 = Release|Any CPU
		{29CEA6C5-8490-4CA4-B181-72D286DEA98F}.Release|Any CPU.ActiveCfg = Release|Any CPU
		{29CEA6C5-8490-4CA4-B181-72D286DEA98F}.Release|Any CPU.Build.0 = Release|Any CPU
		{17E54180-870D-439C-9C52-86E85E5DE67A}.Debug|Any CPU.ActiveCfg = Debug|Any CPU
		{17E54180-870D-439C-9C52-86E85E5DE67A}.Debug|Any CPU.Build.0 = Debug|Any CPU
		{17E54180-870D-439C-9C52-86E85E5DE67A}.MVM-Debug|Any CPU.ActiveCfg = Debug|Any CPU
		{17E54180-870D-439C-9C52-86E85E5DE67A}.MVM-Debug|Any CPU.Build.0 = Debug|Any CPU
		{17E54180-870D-439C-9C52-86E85E5DE67A}.MVM-Release|Any CPU.ActiveCfg = Release|Any CPU
		{17E54180-870D-439C-9C52-86E85E5DE67A}.MVM-Release|Any CPU.Build.0 = Release|Any CPU
		{17E54180-870D-439C-9C52-86E85E5DE67A}.PSA-Debug|Any CPU.ActiveCfg = Debug|Any CPU
		{17E54180-870D-439C-9C52-86E85E5DE67A}.PSA-Debug|Any CPU.Build.0 = Debug|Any CPU
		{17E54180-870D-439C-9C52-86E85E5DE67A}.PSA-Release|Any CPU.ActiveCfg = Release|Any CPU
		{17E54180-870D-439C-9C52-86E85E5DE67A}.PSA-Release|Any CPU.Build.0 = Release|Any CPU
		{17E54180-870D-439C-9C52-86E85E5DE67A}.Release|Any CPU.ActiveCfg = Release|Any CPU
		{17E54180-870D-439C-9C52-86E85E5DE67A}.Release|Any CPU.Build.0 = Release|Any CPU
		{870B12C4-ED10-447F-89E3-822E5EE9CFE8}.Debug|Any CPU.ActiveCfg = Debug|Any CPU
		{870B12C4-ED10-447F-89E3-822E5EE9CFE8}.Debug|Any CPU.Build.0 = Debug|Any CPU
		{870B12C4-ED10-447F-89E3-822E5EE9CFE8}.MVM-Debug|Any CPU.ActiveCfg = Debug|Any CPU
		{870B12C4-ED10-447F-89E3-822E5EE9CFE8}.MVM-Debug|Any CPU.Build.0 = Debug|Any CPU
		{870B12C4-ED10-447F-89E3-822E5EE9CFE8}.MVM-Release|Any CPU.ActiveCfg = Release|Any CPU
		{870B12C4-ED10-447F-89E3-822E5EE9CFE8}.MVM-Release|Any CPU.Build.0 = Release|Any CPU
		{870B12C4-ED10-447F-89E3-822E5EE9CFE8}.PSA-Debug|Any CPU.ActiveCfg = Debug|Any CPU
		{870B12C4-ED10-447F-89E3-822E5EE9CFE8}.PSA-Debug|Any CPU.Build.0 = Debug|Any CPU
		{870B12C4-ED10-447F-89E3-822E5EE9CFE8}.PSA-Release|Any CPU.ActiveCfg = Release|Any CPU
		{870B12C4-ED10-447F-89E3-822E5EE9CFE8}.PSA-Release|Any CPU.Build.0 = Release|Any CPU
		{870B12C4-ED10-447F-89E3-822E5EE9CFE8}.Release|Any CPU.ActiveCfg = Release|Any CPU
		{870B12C4-ED10-447F-89E3-822E5EE9CFE8}.Release|Any CPU.Build.0 = Release|Any CPU
		{DC4EB554-B0CB-4EAA-979B-2E65C8F60201}.Debug|Any CPU.ActiveCfg = Debug|Any CPU
		{DC4EB554-B0CB-4EAA-979B-2E65C8F60201}.Debug|Any CPU.Build.0 = Debug|Any CPU
		{DC4EB554-B0CB-4EAA-979B-2E65C8F60201}.MVM-Debug|Any CPU.ActiveCfg = Debug|Any CPU
		{DC4EB554-B0CB-4EAA-979B-2E65C8F60201}.MVM-Debug|Any CPU.Build.0 = Debug|Any CPU
		{DC4EB554-B0CB-4EAA-979B-2E65C8F60201}.MVM-Release|Any CPU.ActiveCfg = Release|Any CPU
		{DC4EB554-B0CB-4EAA-979B-2E65C8F60201}.MVM-Release|Any CPU.Build.0 = Release|Any CPU
		{DC4EB554-B0CB-4EAA-979B-2E65C8F60201}.PSA-Debug|Any CPU.ActiveCfg = Debug|Any CPU
		{DC4EB554-B0CB-4EAA-979B-2E65C8F60201}.PSA-Debug|Any CPU.Build.0 = Debug|Any CPU
		{DC4EB554-B0CB-4EAA-979B-2E65C8F60201}.PSA-Release|Any CPU.ActiveCfg = Release|Any CPU
		{DC4EB554-B0CB-4EAA-979B-2E65C8F60201}.PSA-Release|Any CPU.Build.0 = Release|Any CPU
		{DC4EB554-B0CB-4EAA-979B-2E65C8F60201}.Release|Any CPU.ActiveCfg = Release|Any CPU
		{DC4EB554-B0CB-4EAA-979B-2E65C8F60201}.Release|Any CPU.Build.0 = Release|Any CPU
		{2D00E32C-52CA-4523-88EB-7C695C1E21DC}.Debug|Any CPU.ActiveCfg = Debug|Any CPU
		{2D00E32C-52CA-4523-88EB-7C695C1E21DC}.Debug|Any CPU.Build.0 = Debug|Any CPU
		{2D00E32C-52CA-4523-88EB-7C695C1E21DC}.MVM-Debug|Any CPU.ActiveCfg = Debug|Any CPU
		{2D00E32C-52CA-4523-88EB-7C695C1E21DC}.MVM-Debug|Any CPU.Build.0 = Debug|Any CPU
		{2D00E32C-52CA-4523-88EB-7C695C1E21DC}.MVM-Release|Any CPU.ActiveCfg = Release|Any CPU
		{2D00E32C-52CA-4523-88EB-7C695C1E21DC}.MVM-Release|Any CPU.Build.0 = Release|Any CPU
		{2D00E32C-52CA-4523-88EB-7C695C1E21DC}.PSA-Debug|Any CPU.ActiveCfg = Debug|Any CPU
		{2D00E32C-52CA-4523-88EB-7C695C1E21DC}.PSA-Debug|Any CPU.Build.0 = Debug|Any CPU
		{2D00E32C-52CA-4523-88EB-7C695C1E21DC}.PSA-Release|Any CPU.ActiveCfg = Release|Any CPU
		{2D00E32C-52CA-4523-88EB-7C695C1E21DC}.PSA-Release|Any CPU.Build.0 = Release|Any CPU
		{2D00E32C-52CA-4523-88EB-7C695C1E21DC}.Release|Any CPU.ActiveCfg = Release|Any CPU
		{2D00E32C-52CA-4523-88EB-7C695C1E21DC}.Release|Any CPU.Build.0 = Release|Any CPU
		{70437E3C-ADA6-4F07-A702-8FBCE7C3AD09}.Debug|Any CPU.ActiveCfg = Debug|Any CPU
		{70437E3C-ADA6-4F07-A702-8FBCE7C3AD09}.Debug|Any CPU.Build.0 = Debug|Any CPU
		{70437E3C-ADA6-4F07-A702-8FBCE7C3AD09}.MVM-Debug|Any CPU.ActiveCfg = Debug|Any CPU
		{70437E3C-ADA6-4F07-A702-8FBCE7C3AD09}.MVM-Debug|Any CPU.Build.0 = Debug|Any CPU
		{70437E3C-ADA6-4F07-A702-8FBCE7C3AD09}.MVM-Release|Any CPU.ActiveCfg = Release|Any CPU
		{70437E3C-ADA6-4F07-A702-8FBCE7C3AD09}.MVM-Release|Any CPU.Build.0 = Release|Any CPU
		{70437E3C-ADA6-4F07-A702-8FBCE7C3AD09}.PSA-Debug|Any CPU.ActiveCfg = Debug|Any CPU
		{70437E3C-ADA6-4F07-A702-8FBCE7C3AD09}.PSA-Debug|Any CPU.Build.0 = Debug|Any CPU
		{70437E3C-ADA6-4F07-A702-8FBCE7C3AD09}.PSA-Release|Any CPU.ActiveCfg = Release|Any CPU
		{70437E3C-ADA6-4F07-A702-8FBCE7C3AD09}.PSA-Release|Any CPU.Build.0 = Release|Any CPU
		{70437E3C-ADA6-4F07-A702-8FBCE7C3AD09}.Release|Any CPU.ActiveCfg = Release|Any CPU
		{70437E3C-ADA6-4F07-A702-8FBCE7C3AD09}.Release|Any CPU.Build.0 = Release|Any CPU
		{9FECE9BE-1022-443D-92CC-B25DA5D34123}.Debug|Any CPU.ActiveCfg = Debug|Any CPU
		{9FECE9BE-1022-443D-92CC-B25DA5D34123}.Debug|Any CPU.Build.0 = Debug|Any CPU
		{9FECE9BE-1022-443D-92CC-B25DA5D34123}.MVM-Debug|Any CPU.ActiveCfg = Debug|Any CPU
		{9FECE9BE-1022-443D-92CC-B25DA5D34123}.MVM-Debug|Any CPU.Build.0 = Debug|Any CPU
		{9FECE9BE-1022-443D-92CC-B25DA5D34123}.MVM-Release|Any CPU.ActiveCfg = Release|Any CPU
		{9FECE9BE-1022-443D-92CC-B25DA5D34123}.MVM-Release|Any CPU.Build.0 = Release|Any CPU
		{9FECE9BE-1022-443D-92CC-B25DA5D34123}.PSA-Debug|Any CPU.ActiveCfg = Debug|Any CPU
		{9FECE9BE-1022-443D-92CC-B25DA5D34123}.PSA-Debug|Any CPU.Build.0 = Debug|Any CPU
		{9FECE9BE-1022-443D-92CC-B25DA5D34123}.PSA-Release|Any CPU.ActiveCfg = Release|Any CPU
		{9FECE9BE-1022-443D-92CC-B25DA5D34123}.PSA-Release|Any CPU.Build.0 = Release|Any CPU
		{9FECE9BE-1022-443D-92CC-B25DA5D34123}.Release|Any CPU.ActiveCfg = Release|Any CPU
		{9FECE9BE-1022-443D-92CC-B25DA5D34123}.Release|Any CPU.Build.0 = Release|Any CPU
		{289D8EE8-689E-4E40-A416-B0012B59F209}.Debug|Any CPU.ActiveCfg = Debug|Any CPU
		{289D8EE8-689E-4E40-A416-B0012B59F209}.Debug|Any CPU.Build.0 = Debug|Any CPU
		{289D8EE8-689E-4E40-A416-B0012B59F209}.MVM-Debug|Any CPU.ActiveCfg = Debug|Any CPU
		{289D8EE8-689E-4E40-A416-B0012B59F209}.MVM-Debug|Any CPU.Build.0 = Debug|Any CPU
		{289D8EE8-689E-4E40-A416-B0012B59F209}.MVM-Release|Any CPU.ActiveCfg = Release|Any CPU
		{289D8EE8-689E-4E40-A416-B0012B59F209}.MVM-Release|Any CPU.Build.0 = Release|Any CPU
		{289D8EE8-689E-4E40-A416-B0012B59F209}.PSA-Debug|Any CPU.ActiveCfg = Debug|Any CPU
		{289D8EE8-689E-4E40-A416-B0012B59F209}.PSA-Debug|Any CPU.Build.0 = Debug|Any CPU
		{289D8EE8-689E-4E40-A416-B0012B59F209}.PSA-Release|Any CPU.ActiveCfg = Release|Any CPU
		{289D8EE8-689E-4E40-A416-B0012B59F209}.PSA-Release|Any CPU.Build.0 = Release|Any CPU
		{289D8EE8-689E-4E40-A416-B0012B59F209}.Release|Any CPU.ActiveCfg = Release|Any CPU
		{289D8EE8-689E-4E40-A416-B0012B59F209}.Release|Any CPU.Build.0 = Release|Any CPU
		{821ED6BF-D1E3-46E3-827C-81C4F9971932}.Debug|Any CPU.ActiveCfg = Debug|Any CPU
		{821ED6BF-D1E3-46E3-827C-81C4F9971932}.Debug|Any CPU.Build.0 = Debug|Any CPU
		{821ED6BF-D1E3-46E3-827C-81C4F9971932}.MVM-Debug|Any CPU.ActiveCfg = Debug|Any CPU
		{821ED6BF-D1E3-46E3-827C-81C4F9971932}.MVM-Debug|Any CPU.Build.0 = Debug|Any CPU
		{821ED6BF-D1E3-46E3-827C-81C4F9971932}.MVM-Release|Any CPU.ActiveCfg = Release|Any CPU
		{821ED6BF-D1E3-46E3-827C-81C4F9971932}.MVM-Release|Any CPU.Build.0 = Release|Any CPU
		{821ED6BF-D1E3-46E3-827C-81C4F9971932}.PSA-Debug|Any CPU.ActiveCfg = Debug|Any CPU
		{821ED6BF-D1E3-46E3-827C-81C4F9971932}.PSA-Debug|Any CPU.Build.0 = Debug|Any CPU
		{821ED6BF-D1E3-46E3-827C-81C4F9971932}.PSA-Release|Any CPU.ActiveCfg = Release|Any CPU
		{821ED6BF-D1E3-46E3-827C-81C4F9971932}.PSA-Release|Any CPU.Build.0 = Release|Any CPU
		{821ED6BF-D1E3-46E3-827C-81C4F9971932}.Release|Any CPU.ActiveCfg = Release|Any CPU
		{821ED6BF-D1E3-46E3-827C-81C4F9971932}.Release|Any CPU.Build.0 = Release|Any CPU
		{D1B0A2EF-41AF-4677-B376-C3FCB9AEDB53}.Debug|Any CPU.ActiveCfg = Debug|Any CPU
		{D1B0A2EF-41AF-4677-B376-C3FCB9AEDB53}.Debug|Any CPU.Build.0 = Debug|Any CPU
		{D1B0A2EF-41AF-4677-B376-C3FCB9AEDB53}.MVM-Debug|Any CPU.ActiveCfg = Debug|Any CPU
		{D1B0A2EF-41AF-4677-B376-C3FCB9AEDB53}.MVM-Debug|Any CPU.Build.0 = Debug|Any CPU
		{D1B0A2EF-41AF-4677-B376-C3FCB9AEDB53}.MVM-Release|Any CPU.ActiveCfg = Release|Any CPU
		{D1B0A2EF-41AF-4677-B376-C3FCB9AEDB53}.MVM-Release|Any CPU.Build.0 = Release|Any CPU
		{D1B0A2EF-41AF-4677-B376-C3FCB9AEDB53}.PSA-Debug|Any CPU.ActiveCfg = Debug|Any CPU
		{D1B0A2EF-41AF-4677-B376-C3FCB9AEDB53}.PSA-Debug|Any CPU.Build.0 = Debug|Any CPU
		{D1B0A2EF-41AF-4677-B376-C3FCB9AEDB53}.PSA-Release|Any CPU.ActiveCfg = Release|Any CPU
		{D1B0A2EF-41AF-4677-B376-C3FCB9AEDB53}.PSA-Release|Any CPU.Build.0 = Release|Any CPU
		{D1B0A2EF-41AF-4677-B376-C3FCB9AEDB53}.Release|Any CPU.ActiveCfg = Release|Any CPU
		{D1B0A2EF-41AF-4677-B376-C3FCB9AEDB53}.Release|Any CPU.Build.0 = Release|Any CPU
		{24BB78E2-04DD-42EB-B0E9-BFDDA83B2EBF}.Debug|Any CPU.ActiveCfg = Debug|Any CPU
		{24BB78E2-04DD-42EB-B0E9-BFDDA83B2EBF}.Debug|Any CPU.Build.0 = Debug|Any CPU
		{24BB78E2-04DD-42EB-B0E9-BFDDA83B2EBF}.MVM-Debug|Any CPU.ActiveCfg = Debug|Any CPU
		{24BB78E2-04DD-42EB-B0E9-BFDDA83B2EBF}.MVM-Debug|Any CPU.Build.0 = Debug|Any CPU
		{24BB78E2-04DD-42EB-B0E9-BFDDA83B2EBF}.MVM-Release|Any CPU.ActiveCfg = Release|Any CPU
		{24BB78E2-04DD-42EB-B0E9-BFDDA83B2EBF}.MVM-Release|Any CPU.Build.0 = Release|Any CPU
		{24BB78E2-04DD-42EB-B0E9-BFDDA83B2EBF}.PSA-Debug|Any CPU.ActiveCfg = Debug|Any CPU
		{24BB78E2-04DD-42EB-B0E9-BFDDA83B2EBF}.PSA-Debug|Any CPU.Build.0 = Debug|Any CPU
		{24BB78E2-04DD-42EB-B0E9-BFDDA83B2EBF}.PSA-Release|Any CPU.ActiveCfg = Release|Any CPU
		{24BB78E2-04DD-42EB-B0E9-BFDDA83B2EBF}.PSA-Release|Any CPU.Build.0 = Release|Any CPU
		{24BB78E2-04DD-42EB-B0E9-BFDDA83B2EBF}.Release|Any CPU.ActiveCfg = Release|Any CPU
		{24BB78E2-04DD-42EB-B0E9-BFDDA83B2EBF}.Release|Any CPU.Build.0 = Release|Any CPU
		{7F1D0FEC-FA8A-40FB-A69F-7E051E3DEBAE}.Debug|Any CPU.ActiveCfg = Debug|Any CPU
		{7F1D0FEC-FA8A-40FB-A69F-7E051E3DEBAE}.Debug|Any CPU.Build.0 = Debug|Any CPU
		{7F1D0FEC-FA8A-40FB-A69F-7E051E3DEBAE}.MVM-Debug|Any CPU.ActiveCfg = Debug|Any CPU
		{7F1D0FEC-FA8A-40FB-A69F-7E051E3DEBAE}.MVM-Debug|Any CPU.Build.0 = Debug|Any CPU
		{7F1D0FEC-FA8A-40FB-A69F-7E051E3DEBAE}.MVM-Release|Any CPU.ActiveCfg = Release|Any CPU
		{7F1D0FEC-FA8A-40FB-A69F-7E051E3DEBAE}.MVM-Release|Any CPU.Build.0 = Release|Any CPU
		{7F1D0FEC-FA8A-40FB-A69F-7E051E3DEBAE}.PSA-Debug|Any CPU.ActiveCfg = Debug|Any CPU
		{7F1D0FEC-FA8A-40FB-A69F-7E051E3DEBAE}.PSA-Debug|Any CPU.Build.0 = Debug|Any CPU
		{7F1D0FEC-FA8A-40FB-A69F-7E051E3DEBAE}.PSA-Release|Any CPU.ActiveCfg = Release|Any CPU
		{7F1D0FEC-FA8A-40FB-A69F-7E051E3DEBAE}.PSA-Release|Any CPU.Build.0 = Release|Any CPU
		{7F1D0FEC-FA8A-40FB-A69F-7E051E3DEBAE}.Release|Any CPU.ActiveCfg = Release|Any CPU
		{7F1D0FEC-FA8A-40FB-A69F-7E051E3DEBAE}.Release|Any CPU.Build.0 = Release|Any CPU
		{4498B848-ECF4-48B7-8EF3-1F777885A086}.Debug|Any CPU.ActiveCfg = Debug|Any CPU
		{4498B848-ECF4-48B7-8EF3-1F777885A086}.Debug|Any CPU.Build.0 = Debug|Any CPU
		{4498B848-ECF4-48B7-8EF3-1F777885A086}.MVM-Debug|Any CPU.ActiveCfg = Debug|Any CPU
		{4498B848-ECF4-48B7-8EF3-1F777885A086}.MVM-Debug|Any CPU.Build.0 = Debug|Any CPU
		{4498B848-ECF4-48B7-8EF3-1F777885A086}.MVM-Release|Any CPU.ActiveCfg = Release|Any CPU
		{4498B848-ECF4-48B7-8EF3-1F777885A086}.MVM-Release|Any CPU.Build.0 = Release|Any CPU
		{4498B848-ECF4-48B7-8EF3-1F777885A086}.PSA-Debug|Any CPU.ActiveCfg = Debug|Any CPU
		{4498B848-ECF4-48B7-8EF3-1F777885A086}.PSA-Debug|Any CPU.Build.0 = Debug|Any CPU
		{4498B848-ECF4-48B7-8EF3-1F777885A086}.PSA-Release|Any CPU.ActiveCfg = Release|Any CPU
		{4498B848-ECF4-48B7-8EF3-1F777885A086}.PSA-Release|Any CPU.Build.0 = Release|Any CPU
		{4498B848-ECF4-48B7-8EF3-1F777885A086}.Release|Any CPU.ActiveCfg = Release|Any CPU
		{4498B848-ECF4-48B7-8EF3-1F777885A086}.Release|Any CPU.Build.0 = Release|Any CPU
		{747D51E2-0661-4FEF-A0C5-55E8606A1851}.Debug|Any CPU.ActiveCfg = Debug|Any CPU
		{747D51E2-0661-4FEF-A0C5-55E8606A1851}.Debug|Any CPU.Build.0 = Debug|Any CPU
		{747D51E2-0661-4FEF-A0C5-55E8606A1851}.MVM-Debug|Any CPU.ActiveCfg = Debug|Any CPU
		{747D51E2-0661-4FEF-A0C5-55E8606A1851}.MVM-Debug|Any CPU.Build.0 = Debug|Any CPU
		{747D51E2-0661-4FEF-A0C5-55E8606A1851}.MVM-Release|Any CPU.ActiveCfg = Release|Any CPU
		{747D51E2-0661-4FEF-A0C5-55E8606A1851}.MVM-Release|Any CPU.Build.0 = Release|Any CPU
		{747D51E2-0661-4FEF-A0C5-55E8606A1851}.PSA-Debug|Any CPU.ActiveCfg = Debug|Any CPU
		{747D51E2-0661-4FEF-A0C5-55E8606A1851}.PSA-Debug|Any CPU.Build.0 = Debug|Any CPU
		{747D51E2-0661-4FEF-A0C5-55E8606A1851}.PSA-Release|Any CPU.ActiveCfg = Release|Any CPU
		{747D51E2-0661-4FEF-A0C5-55E8606A1851}.PSA-Release|Any CPU.Build.0 = Release|Any CPU
		{747D51E2-0661-4FEF-A0C5-55E8606A1851}.Release|Any CPU.ActiveCfg = Release|Any CPU
		{747D51E2-0661-4FEF-A0C5-55E8606A1851}.Release|Any CPU.Build.0 = Release|Any CPU
	EndGlobalSection
	GlobalSection(SolutionProperties) = preSolution
		HideSolutionNode = FALSE
	EndGlobalSection
	GlobalSection(NestedProjects) = preSolution
		{38B6A165-7427-4268-96B5-EAD530173ECB} = {D88DC4F3-0731-4758-B80C-BC7361F3422C}
		{19DB9A78-DE01-4D59-9233-D22BFE6D7DDA} = {D88DC4F3-0731-4758-B80C-BC7361F3422C}
		{8B08DE6A-D112-48C6-8DEB-565549B64335} = {19DB9A78-DE01-4D59-9233-D22BFE6D7DDA}
		{3E4886D9-5BE3-4C4C-93FC-B520AD56A201} = {D88DC4F3-0731-4758-B80C-BC7361F3422C}
		{D507CD4E-C4E1-45B1-8C73-5C75CF6DF965} = {D88DC4F3-0731-4758-B80C-BC7361F3422C}
		{89BA6F40-DDD0-4F74-BE33-35FD970E9CAD} = {9E2688E4-66D3-4C6D-BAFA-0D32F72F57BC}
		{A0D3734E-E23E-4F15-844A-43B5F245ABA6} = {9E2688E4-66D3-4C6D-BAFA-0D32F72F57BC}
		{EE055E1F-1481-4E70-8187-BBCE53E95981} = {9E2688E4-66D3-4C6D-BAFA-0D32F72F57BC}
		{710356B2-BE8C-42CE-BC90-C6F19780BDD8} = {9E2688E4-66D3-4C6D-BAFA-0D32F72F57BC}
		{A8F634A6-F31C-450D-8578-DA7081E1E9B8} = {9E2688E4-66D3-4C6D-BAFA-0D32F72F57BC}
		{B6A4A090-EE8A-44D4-A1DD-116753C6588D} = {9E2688E4-66D3-4C6D-BAFA-0D32F72F57BC}
		{3FB5676C-DF76-4698-BAFD-91673B2E7EAD} = {9E2688E4-66D3-4C6D-BAFA-0D32F72F57BC}
		{BE152B03-B8AC-4738-840C-25EDD60B23A3} = {9E2688E4-66D3-4C6D-BAFA-0D32F72F57BC}
		{29CEA6C5-8490-4CA4-B181-72D286DEA98F} = {9E2688E4-66D3-4C6D-BAFA-0D32F72F57BC}
		{17E54180-870D-439C-9C52-86E85E5DE67A} = {9E2688E4-66D3-4C6D-BAFA-0D32F72F57BC}
		{870B12C4-ED10-447F-89E3-822E5EE9CFE8} = {9E2688E4-66D3-4C6D-BAFA-0D32F72F57BC}
		{DC4EB554-B0CB-4EAA-979B-2E65C8F60201} = {9E2688E4-66D3-4C6D-BAFA-0D32F72F57BC}
		{2D00E32C-52CA-4523-88EB-7C695C1E21DC} = {9E2688E4-66D3-4C6D-BAFA-0D32F72F57BC}
		{70437E3C-ADA6-4F07-A702-8FBCE7C3AD09} = {9E2688E4-66D3-4C6D-BAFA-0D32F72F57BC}
		{9FECE9BE-1022-443D-92CC-B25DA5D34123} = {9E2688E4-66D3-4C6D-BAFA-0D32F72F57BC}
		{289D8EE8-689E-4E40-A416-B0012B59F209} = {9E2688E4-66D3-4C6D-BAFA-0D32F72F57BC}
		{821ED6BF-D1E3-46E3-827C-81C4F9971932} = {9E2688E4-66D3-4C6D-BAFA-0D32F72F57BC}
		{D1B0A2EF-41AF-4677-B376-C3FCB9AEDB53} = {9E2688E4-66D3-4C6D-BAFA-0D32F72F57BC}
		{24BB78E2-04DD-42EB-B0E9-BFDDA83B2EBF} = {9E2688E4-66D3-4C6D-BAFA-0D32F72F57BC}
		{7F1D0FEC-FA8A-40FB-A69F-7E051E3DEBAE} = {9E2688E4-66D3-4C6D-BAFA-0D32F72F57BC}
		{4498B848-ECF4-48B7-8EF3-1F777885A086} = {9E2688E4-66D3-4C6D-BAFA-0D32F72F57BC}
		{747D51E2-0661-4FEF-A0C5-55E8606A1851} = {9E2688E4-66D3-4C6D-BAFA-0D32F72F57BC}
	EndGlobalSection
	GlobalSection(ExtensibilityGlobals) = postSolution
		SolutionGuid = {D289C176-103A-456A-83D9-FD052AAB6BB8}
	EndGlobalSection
EndGlobal
